
Microsoft Visual Studio Solution File, Format Version 12.00
# Visual Studio Version 17
VisualStudioVersion = 17.1.32328.378
MinimumVisualStudioVersion = 10.0.40219.1
Project("{FAE04EC0-301F-11D3-BF4B-00C04F79EFBC}") = "MultiProcess DDos Attack", "MultiProcess DDos Attack\MultiProcess DDos Attack.csproj", "{C4C75D1A-02AF-4EAC-A458-BFED208993B4}"
EndProject
Global
	GlobalSection(SolutionConfigurationPlatforms) = preSolution
		Debug|Any CPU = Debug|Any CPU
		Release|Any CPU = Release|Any CPU
	EndGlobalSection
	GlobalSection(ProjectConfigurationPlatforms) = postSolution
		{C4C75D1A-02AF-4EAC-A458-BFED208993B4}.Debug|Any CPU.ActiveCfg = Debug|Any CPU
		{C4C75D1A-02AF-4EAC-A458-BFED208993B4}.Debug|Any CPU.Build.0 = Debug|Any CPU
		{C4C75D1A-02AF-4EAC-A458-BFED208993B4}.Release|Any CPU.ActiveCfg = Release|Any CPU
		{C4C75D1A-02AF-4EAC-A458-BFED208993B4}.Release|Any CPU.Build.0 = Release|Any CPU
	EndGlobalSection
	GlobalSection(SolutionProperties) = preSolution
		HideSolutionNode = FALSE
	EndGlobalSection
	GlobalSection(ExtensibilityGlobals) = postSolution
		SolutionGuid = {725E2ED9-2A60-42AD-8416-73DF2830352D}
	EndGlobalSection
EndGlobal
