
Microsoft Visual Studio Solution File, Format Version 12.00
# Visual Studio Version 17
VisualStudioVersion = 17.1.32328.378
MinimumVisualStudioVersion = 10.0.40219.1
Project("{FAE04EC0-301F-11D3-BF4B-00C04F79EFBC}") = "MultiThreadedSearch", "MultiThreadedSearch\MultiThreadedSearch.csproj", "{4582F08B-5CA2-42A5-877C-CCEF62842D47}"
EndProject
Global
	GlobalSection(SolutionConfigurationPlatforms) = preSolution
		Debug|Any CPU = Debug|Any CPU
		Release|Any CPU = Release|Any CPU
	EndGlobalSection
	GlobalSection(ProjectConfigurationPlatforms) = postSolution
		{4582F08B-5CA2-42A5-877C-CCEF62842D47}.Debug|Any CPU.ActiveCfg = Debug|Any CPU
		{4582F08B-5CA2-42A5-877C-CCEF62842D47}.Debug|Any CPU.Build.0 = Debug|Any CPU
		{4582F08B-5CA2-42A5-877C-CCEF62842D47}.Release|Any CPU.ActiveCfg = Release|Any CPU
		{4582F08B-5CA2-42A5-877C-CCEF62842D47}.Release|Any CPU.Build.0 = Release|Any CPU
	EndGlobalSection
	GlobalSection(SolutionProperties) = preSolution
		HideSolutionNode = FALSE
	EndGlobalSection
	GlobalSection(ExtensibilityGlobals) = postSolution
		SolutionGuid = {B82EC113-62DB-4C8C-B908-46909B62AFD8}
	EndGlobalSection
EndGlobal
